// !$*UTF8*$!
{
	archiveVersion = 1;
	classes = {
	};
	objectVersion = 50;
	objects = {

/* Begin PBXBuildFile section */
		A52B73FA21F1140E007922CE /* IGRPhotoTweakView+Rotation.swift in Sources */ = {isa = PBXBuildFile; fileRef = A52B73F921F1140E007922CE /* IGRPhotoTweakView+Rotation.swift */; };
		A5435F291FA3CABB001BAE32 /* IGRPhotoTweaks.framework in Frameworks */ = {isa = PBXBuildFile; fileRef = A5FE19761E4F8D5600EA6F73 /* IGRPhotoTweaks.framework */; };
		A5CD58D71EB2089500238BC6 /* IGRPhotoTweaksTests.swift in Sources */ = {isa = PBXBuildFile; fileRef = A5CD58D61EB2089500238BC6 /* IGRPhotoTweaksTests.swift */; };
		A5CD58E21EB2099600238BC6 /* LinesTests.swift in Sources */ = {isa = PBXBuildFile; fileRef = A5CD58E11EB2099600238BC6 /* LinesTests.swift */; };
		A5CD58E41EB209AA00238BC6 /* CornerTests.swift in Sources */ = {isa = PBXBuildFile; fileRef = A5CD58E31EB209AA00238BC6 /* CornerTests.swift */; };
		A5CD58E61EB209CE00238BC6 /* MasksTest.swift in Sources */ = {isa = PBXBuildFile; fileRef = A5CD58E51EB209CE00238BC6 /* MasksTest.swift */; };
		A5CD58E81EB209E100238BC6 /* CropTests.swift in Sources */ = {isa = PBXBuildFile; fileRef = A5CD58E71EB209E100238BC6 /* CropTests.swift */; };
		A5CD58EA1EB209F100238BC6 /* RotationTests.swift in Sources */ = {isa = PBXBuildFile; fileRef = A5CD58E91EB209F100238BC6 /* RotationTests.swift */; };
		A5CD58EC1EB20A0100238BC6 /* AspectRatioTests.swift in Sources */ = {isa = PBXBuildFile; fileRef = A5CD58EB1EB20A0100238BC6 /* AspectRatioTests.swift */; };
		A5CD58F01EB20F7300238BC6 /* Assets.xcassets in Resources */ = {isa = PBXBuildFile; fileRef = A5CD58EF1EB20F7300238BC6 /* Assets.xcassets */; };
		A5FE197A1E4F8D5700EA6F73 /* IGRPhotoTweaks.h in Headers */ = {isa = PBXBuildFile; fileRef = A5FE19781E4F8D5700EA6F73 /* IGRPhotoTweaks.h */; settings = {ATTRIBUTES = (Public, ); }; };
		A5FF6BF71EB11586003F6108 /* CGFloat+IGRPhotoTweakExtension.swift in Sources */ = {isa = PBXBuildFile; fileRef = A5FF6BCF1EB11586003F6108 /* CGFloat+IGRPhotoTweakExtension.swift */; };
		A5FF6BF81EB11586003F6108 /* CGImage+IGRPhotoTweakExtension.swift in Sources */ = {isa = PBXBuildFile; fileRef = A5FF6BD01EB11586003F6108 /* CGImage+IGRPhotoTweakExtension.swift */; };
		A5FF6BF91EB11586003F6108 /* CGPoint+IGRPhotoTweakExtension.swift in Sources */ = {isa = PBXBuildFile; fileRef = A5FF6BD11EB11586003F6108 /* CGPoint+IGRPhotoTweakExtension.swift */; };
		A5FF6BFA1EB11586003F6108 /* UIColor+IGRPhotoTweakExtension.swift in Sources */ = {isa = PBXBuildFile; fileRef = A5FF6BD21EB11586003F6108 /* UIColor+IGRPhotoTweakExtension.swift */; };
		A5FF6BFB1EB11586003F6108 /* UIImage+IGRPhotoTweakExtension.swift in Sources */ = {isa = PBXBuildFile; fileRef = A5FF6BD31EB11586003F6108 /* UIImage+IGRPhotoTweakExtension.swift */; };
		A5FF6BFC1EB11586003F6108 /* IGRPhotoTweakConstants.swift in Sources */ = {isa = PBXBuildFile; fileRef = A5FF6BD51EB11586003F6108 /* IGRPhotoTweakConstants.swift */; };
		A5FF6BFD1EB11586003F6108 /* IGRRadianAngle.swift in Sources */ = {isa = PBXBuildFile; fileRef = A5FF6BD71EB11586003F6108 /* IGRRadianAngle.swift */; };
		A5FF6BFE1EB11586003F6108 /* IGRPhotoTweakViewController.swift in Sources */ = {isa = PBXBuildFile; fileRef = A5FF6BD81EB11586003F6108 /* IGRPhotoTweakViewController.swift */; };
		A5FF6BFF1EB11586003F6108 /* IGRPhotoTweakViewController+Rotation.swift in Sources */ = {isa = PBXBuildFile; fileRef = A5FF6BD91EB11586003F6108 /* IGRPhotoTweakViewController+Rotation.swift */; };
		A5FF6C001EB11586003F6108 /* IGRPhotoTweakViewController+AspectRatio.swift in Sources */ = {isa = PBXBuildFile; fileRef = A5FF6BDA1EB11586003F6108 /* IGRPhotoTweakViewController+AspectRatio.swift */; };
		A5FF6C011EB11586003F6108 /* IGRPhotoTweakViewController+Customization.swift in Sources */ = {isa = PBXBuildFile; fileRef = A5FF6BDB1EB11586003F6108 /* IGRPhotoTweakViewController+Customization.swift */; };
		A5FF6C021EB11586003F6108 /* IGRPhotoTweakViewController+PHPhotoLibrary.swift in Sources */ = {isa = PBXBuildFile; fileRef = A5FF6BDC1EB11586003F6108 /* IGRPhotoTweakViewController+PHPhotoLibrary.swift */; };
		A5FF6C031EB11586003F6108 /* IGRCropView+AspectRatio.swift in Sources */ = {isa = PBXBuildFile; fileRef = A5FF6BDF1EB11586003F6108 /* IGRCropView+AspectRatio.swift */; };
		A5FF6C041EB11586003F6108 /* IGRCropView+Lines.swift in Sources */ = {isa = PBXBuildFile; fileRef = A5FF6BE01EB11586003F6108 /* IGRCropView+Lines.swift */; };
		A5FF6C051EB11586003F6108 /* IGRCropView+NSLayoutConstraint.swift in Sources */ = {isa = PBXBuildFile; fileRef = A5FF6BE11EB11586003F6108 /* IGRCropView+NSLayoutConstraint.swift */; };
		A5FF6C061EB11586003F6108 /* IGRCropView+UITouch.swift in Sources */ = {isa = PBXBuildFile; fileRef = A5FF6BE21EB11586003F6108 /* IGRCropView+UITouch.swift */; };
		A5FF6C071EB11586003F6108 /* IGRCropView.swift in Sources */ = {isa = PBXBuildFile; fileRef = A5FF6BE31EB11586003F6108 /* IGRCropView.swift */; };
		A5FF6C081EB11586003F6108 /* IGRCropCornerLine.swift in Sources */ = {isa = PBXBuildFile; fileRef = A5FF6BE51EB11586003F6108 /* IGRCropCornerLine.swift */; };
		A5FF6C091EB11586003F6108 /* IGRCropCornerView.swift in Sources */ = {isa = PBXBuildFile; fileRef = A5FF6BE61EB11586003F6108 /* IGRCropCornerView.swift */; };
		A5FF6C0A1EB11586003F6108 /* IGRCropGridLine.swift in Sources */ = {isa = PBXBuildFile; fileRef = A5FF6BE71EB11586003F6108 /* IGRCropGridLine.swift */; };
		A5FF6C0B1EB11586003F6108 /* IGRCropLine.swift in Sources */ = {isa = PBXBuildFile; fileRef = A5FF6BE81EB11586003F6108 /* IGRCropLine.swift */; };
		A5FF6C0C1EB11586003F6108 /* IGRCropMaskView.swift in Sources */ = {isa = PBXBuildFile; fileRef = A5FF6BEA1EB11586003F6108 /* IGRCropMaskView.swift */; };
		A5FF6C0D1EB11586003F6108 /* IGRPhotoTweakView+Angle.swift in Sources */ = {isa = PBXBuildFile; fileRef = A5FF6BEB1EB11586003F6108 /* IGRPhotoTweakView+Angle.swift */; };
		A5FF6C0E1EB11586003F6108 /* IGRPhotoTweakView+AspectRatio.swift in Sources */ = {isa = PBXBuildFile; fileRef = A5FF6BEC1EB11586003F6108 /* IGRPhotoTweakView+AspectRatio.swift */; };
		A5FF6C0F1EB11586003F6108 /* IGRPhotoTweakView+Customization.swift in Sources */ = {isa = PBXBuildFile; fileRef = A5FF6BED1EB11586003F6108 /* IGRPhotoTweakView+Customization.swift */; };
		A5FF6C101EB11586003F6108 /* IGRPhotoTweakView+IGRCropView.swift in Sources */ = {isa = PBXBuildFile; fileRef = A5FF6BEE1EB11586003F6108 /* IGRPhotoTweakView+IGRCropView.swift */; };
		A5FF6C111EB11586003F6108 /* IGRPhotoTweakView+Mask.swift in Sources */ = {isa = PBXBuildFile; fileRef = A5FF6BEF1EB11586003F6108 /* IGRPhotoTweakView+Mask.swift */; };
		A5FF6C121EB11586003F6108 /* IGRPhotoTweakView+NSLayoutConstraint.swift in Sources */ = {isa = PBXBuildFile; fileRef = A5FF6BF01EB11586003F6108 /* IGRPhotoTweakView+NSLayoutConstraint.swift */; };
		A5FF6C131EB11586003F6108 /* IGRPhotoTweakView+Touch.swift in Sources */ = {isa = PBXBuildFile; fileRef = A5FF6BF11EB11586003F6108 /* IGRPhotoTweakView+Touch.swift */; };
		A5FF6C141EB11586003F6108 /* IGRPhotoTweakView+UIScrollView.swift in Sources */ = {isa = PBXBuildFile; fileRef = A5FF6BF21EB11586003F6108 /* IGRPhotoTweakView+UIScrollView.swift */; };
		A5FF6C151EB11586003F6108 /* IGRPhotoTweakView.swift in Sources */ = {isa = PBXBuildFile; fileRef = A5FF6BF31EB11586003F6108 /* IGRPhotoTweakView.swift */; };
		A5FF6C161EB11586003F6108 /* IGRPhotoContentView.swift in Sources */ = {isa = PBXBuildFile; fileRef = A5FF6BF51EB11586003F6108 /* IGRPhotoContentView.swift */; };
		A5FF6C171EB11586003F6108 /* IGRPhotoScrollView.swift in Sources */ = {isa = PBXBuildFile; fileRef = A5FF6BF61EB11586003F6108 /* IGRPhotoScrollView.swift */; };
/* End PBXBuildFile section */

/* Begin PBXContainerItemProxy section */
		A5435F261FA3CAAF001BAE32 /* PBXContainerItemProxy */ = {
			isa = PBXContainerItemProxy;
			containerPortal = A5DFB1AA1E481F48009ACD31 /* Project object */;
			proxyType = 1;
			remoteGlobalIDString = A5FE19751E4F8D5600EA6F73;
			remoteInfo = IGRPhotoTweaks;
		};
/* End PBXContainerItemProxy section */

/* Begin PBXFileReference section */
		A52B73F921F1140E007922CE /* IGRPhotoTweakView+Rotation.swift */ = {isa = PBXFileReference; lastKnownFileType = sourcecode.swift; path = "IGRPhotoTweakView+Rotation.swift"; sourceTree = "<group>"; };
		A5CD58D41EB2089500238BC6 /* IGRPhotoTweaksTests.xctest */ = {isa = PBXFileReference; explicitFileType = wrapper.cfbundle; includeInIndex = 0; path = IGRPhotoTweaksTests.xctest; sourceTree = BUILT_PRODUCTS_DIR; };
		A5CD58D61EB2089500238BC6 /* IGRPhotoTweaksTests.swift */ = {isa = PBXFileReference; lastKnownFileType = sourcecode.swift; path = IGRPhotoTweaksTests.swift; sourceTree = "<group>"; };
		A5CD58D81EB2089500238BC6 /* Info.plist */ = {isa = PBXFileReference; lastKnownFileType = text.plist.xml; path = Info.plist; sourceTree = "<group>"; };
		A5CD58E11EB2099600238BC6 /* LinesTests.swift */ = {isa = PBXFileReference; fileEncoding = 4; lastKnownFileType = sourcecode.swift; path = LinesTests.swift; sourceTree = "<group>"; };
		A5CD58E31EB209AA00238BC6 /* CornerTests.swift */ = {isa = PBXFileReference; fileEncoding = 4; lastKnownFileType = sourcecode.swift; path = CornerTests.swift; sourceTree = "<group>"; };
		A5CD58E51EB209CE00238BC6 /* MasksTest.swift */ = {isa = PBXFileReference; fileEncoding = 4; lastKnownFileType = sourcecode.swift; path = MasksTest.swift; sourceTree = "<group>"; };
		A5CD58E71EB209E100238BC6 /* CropTests.swift */ = {isa = PBXFileReference; fileEncoding = 4; lastKnownFileType = sourcecode.swift; path = CropTests.swift; sourceTree = "<group>"; };
		A5CD58E91EB209F100238BC6 /* RotationTests.swift */ = {isa = PBXFileReference; fileEncoding = 4; lastKnownFileType = sourcecode.swift; path = RotationTests.swift; sourceTree = "<group>"; };
		A5CD58EB1EB20A0100238BC6 /* AspectRatioTests.swift */ = {isa = PBXFileReference; fileEncoding = 4; lastKnownFileType = sourcecode.swift; path = AspectRatioTests.swift; sourceTree = "<group>"; };
		A5CD58EF1EB20F7300238BC6 /* Assets.xcassets */ = {isa = PBXFileReference; lastKnownFileType = folder.assetcatalog; path = Assets.xcassets; sourceTree = "<group>"; };
		A5DFB1D21E481FE4009ACD31 /* Info.plist */ = {isa = PBXFileReference; fileEncoding = 4; lastKnownFileType = text.plist.xml; path = Info.plist; sourceTree = "<group>"; };
		A5FE19761E4F8D5600EA6F73 /* IGRPhotoTweaks.framework */ = {isa = PBXFileReference; explicitFileType = wrapper.framework; includeInIndex = 0; path = IGRPhotoTweaks.framework; sourceTree = BUILT_PRODUCTS_DIR; };
		A5FE19781E4F8D5700EA6F73 /* IGRPhotoTweaks.h */ = {isa = PBXFileReference; lastKnownFileType = sourcecode.c.h; path = IGRPhotoTweaks.h; sourceTree = "<group>"; };
		A5FF6BCF1EB11586003F6108 /* CGFloat+IGRPhotoTweakExtension.swift */ = {isa = PBXFileReference; fileEncoding = 4; lastKnownFileType = sourcecode.swift; path = "CGFloat+IGRPhotoTweakExtension.swift"; sourceTree = "<group>"; };
		A5FF6BD01EB11586003F6108 /* CGImage+IGRPhotoTweakExtension.swift */ = {isa = PBXFileReference; fileEncoding = 4; lastKnownFileType = sourcecode.swift; path = "CGImage+IGRPhotoTweakExtension.swift"; sourceTree = "<group>"; };
		A5FF6BD11EB11586003F6108 /* CGPoint+IGRPhotoTweakExtension.swift */ = {isa = PBXFileReference; fileEncoding = 4; lastKnownFileType = sourcecode.swift; path = "CGPoint+IGRPhotoTweakExtension.swift"; sourceTree = "<group>"; };
		A5FF6BD21EB11586003F6108 /* UIColor+IGRPhotoTweakExtension.swift */ = {isa = PBXFileReference; fileEncoding = 4; lastKnownFileType = sourcecode.swift; path = "UIColor+IGRPhotoTweakExtension.swift"; sourceTree = "<group>"; };
		A5FF6BD31EB11586003F6108 /* UIImage+IGRPhotoTweakExtension.swift */ = {isa = PBXFileReference; fileEncoding = 4; lastKnownFileType = sourcecode.swift; path = "UIImage+IGRPhotoTweakExtension.swift"; sourceTree = "<group>"; };
		A5FF6BD51EB11586003F6108 /* IGRPhotoTweakConstants.swift */ = {isa = PBXFileReference; fileEncoding = 4; lastKnownFileType = sourcecode.swift; path = IGRPhotoTweakConstants.swift; sourceTree = "<group>"; };
		A5FF6BD71EB11586003F6108 /* IGRRadianAngle.swift */ = {isa = PBXFileReference; fileEncoding = 4; lastKnownFileType = sourcecode.swift; path = IGRRadianAngle.swift; sourceTree = "<group>"; };
		A5FF6BD81EB11586003F6108 /* IGRPhotoTweakViewController.swift */ = {isa = PBXFileReference; fileEncoding = 4; lastKnownFileType = sourcecode.swift; path = IGRPhotoTweakViewController.swift; sourceTree = "<group>"; };
		A5FF6BD91EB11586003F6108 /* IGRPhotoTweakViewController+Rotation.swift */ = {isa = PBXFileReference; fileEncoding = 4; lastKnownFileType = sourcecode.swift; path = "IGRPhotoTweakViewController+Rotation.swift"; sourceTree = "<group>"; };
		A5FF6BDA1EB11586003F6108 /* IGRPhotoTweakViewController+AspectRatio.swift */ = {isa = PBXFileReference; fileEncoding = 4; lastKnownFileType = sourcecode.swift; path = "IGRPhotoTweakViewController+AspectRatio.swift"; sourceTree = "<group>"; };
		A5FF6BDB1EB11586003F6108 /* IGRPhotoTweakViewController+Customization.swift */ = {isa = PBXFileReference; fileEncoding = 4; lastKnownFileType = sourcecode.swift; path = "IGRPhotoTweakViewController+Customization.swift"; sourceTree = "<group>"; };
		A5FF6BDC1EB11586003F6108 /* IGRPhotoTweakViewController+PHPhotoLibrary.swift */ = {isa = PBXFileReference; fileEncoding = 4; lastKnownFileType = sourcecode.swift; path = "IGRPhotoTweakViewController+PHPhotoLibrary.swift"; sourceTree = "<group>"; };
		A5FF6BDF1EB11586003F6108 /* IGRCropView+AspectRatio.swift */ = {isa = PBXFileReference; fileEncoding = 4; lastKnownFileType = sourcecode.swift; path = "IGRCropView+AspectRatio.swift"; sourceTree = "<group>"; };
		A5FF6BE01EB11586003F6108 /* IGRCropView+Lines.swift */ = {isa = PBXFileReference; fileEncoding = 4; lastKnownFileType = sourcecode.swift; path = "IGRCropView+Lines.swift"; sourceTree = "<group>"; };
		A5FF6BE11EB11586003F6108 /* IGRCropView+NSLayoutConstraint.swift */ = {isa = PBXFileReference; fileEncoding = 4; lastKnownFileType = sourcecode.swift; path = "IGRCropView+NSLayoutConstraint.swift"; sourceTree = "<group>"; };
		A5FF6BE21EB11586003F6108 /* IGRCropView+UITouch.swift */ = {isa = PBXFileReference; fileEncoding = 4; lastKnownFileType = sourcecode.swift; path = "IGRCropView+UITouch.swift"; sourceTree = "<group>"; };
		A5FF6BE31EB11586003F6108 /* IGRCropView.swift */ = {isa = PBXFileReference; fileEncoding = 4; lastKnownFileType = sourcecode.swift; path = IGRCropView.swift; sourceTree = "<group>"; };
		A5FF6BE51EB11586003F6108 /* IGRCropCornerLine.swift */ = {isa = PBXFileReference; fileEncoding = 4; lastKnownFileType = sourcecode.swift; path = IGRCropCornerLine.swift; sourceTree = "<group>"; };
		A5FF6BE61EB11586003F6108 /* IGRCropCornerView.swift */ = {isa = PBXFileReference; fileEncoding = 4; lastKnownFileType = sourcecode.swift; path = IGRCropCornerView.swift; sourceTree = "<group>"; };
		A5FF6BE71EB11586003F6108 /* IGRCropGridLine.swift */ = {isa = PBXFileReference; fileEncoding = 4; lastKnownFileType = sourcecode.swift; path = IGRCropGridLine.swift; sourceTree = "<group>"; };
		A5FF6BE81EB11586003F6108 /* IGRCropLine.swift */ = {isa = PBXFileReference; fileEncoding = 4; lastKnownFileType = sourcecode.swift; path = IGRCropLine.swift; sourceTree = "<group>"; };
		A5FF6BEA1EB11586003F6108 /* IGRCropMaskView.swift */ = {isa = PBXFileReference; fileEncoding = 4; lastKnownFileType = sourcecode.swift; path = IGRCropMaskView.swift; sourceTree = "<group>"; };
		A5FF6BEB1EB11586003F6108 /* IGRPhotoTweakView+Angle.swift */ = {isa = PBXFileReference; fileEncoding = 4; lastKnownFileType = sourcecode.swift; path = "IGRPhotoTweakView+Angle.swift"; sourceTree = "<group>"; };
		A5FF6BEC1EB11586003F6108 /* IGRPhotoTweakView+AspectRatio.swift */ = {isa = PBXFileReference; fileEncoding = 4; lastKnownFileType = sourcecode.swift; path = "IGRPhotoTweakView+AspectRatio.swift"; sourceTree = "<group>"; };
		A5FF6BED1EB11586003F6108 /* IGRPhotoTweakView+Customization.swift */ = {isa = PBXFileReference; fileEncoding = 4; lastKnownFileType = sourcecode.swift; path = "IGRPhotoTweakView+Customization.swift"; sourceTree = "<group>"; };
		A5FF6BEE1EB11586003F6108 /* IGRPhotoTweakView+IGRCropView.swift */ = {isa = PBXFileReference; fileEncoding = 4; lastKnownFileType = sourcecode.swift; path = "IGRPhotoTweakView+IGRCropView.swift"; sourceTree = "<group>"; };
		A5FF6BEF1EB11586003F6108 /* IGRPhotoTweakView+Mask.swift */ = {isa = PBXFileReference; fileEncoding = 4; lastKnownFileType = sourcecode.swift; path = "IGRPhotoTweakView+Mask.swift"; sourceTree = "<group>"; };
		A5FF6BF01EB11586003F6108 /* IGRPhotoTweakView+NSLayoutConstraint.swift */ = {isa = PBXFileReference; fileEncoding = 4; lastKnownFileType = sourcecode.swift; path = "IGRPhotoTweakView+NSLayoutConstraint.swift"; sourceTree = "<group>"; };
		A5FF6BF11EB11586003F6108 /* IGRPhotoTweakView+Touch.swift */ = {isa = PBXFileReference; fileEncoding = 4; lastKnownFileType = sourcecode.swift; path = "IGRPhotoTweakView+Touch.swift"; sourceTree = "<group>"; };
		A5FF6BF21EB11586003F6108 /* IGRPhotoTweakView+UIScrollView.swift */ = {isa = PBXFileReference; fileEncoding = 4; lastKnownFileType = sourcecode.swift; path = "IGRPhotoTweakView+UIScrollView.swift"; sourceTree = "<group>"; };
		A5FF6BF31EB11586003F6108 /* IGRPhotoTweakView.swift */ = {isa = PBXFileReference; fileEncoding = 4; lastKnownFileType = sourcecode.swift; path = IGRPhotoTweakView.swift; sourceTree = "<group>"; };
		A5FF6BF51EB11586003F6108 /* IGRPhotoContentView.swift */ = {isa = PBXFileReference; fileEncoding = 4; lastKnownFileType = sourcecode.swift; path = IGRPhotoContentView.swift; sourceTree = "<group>"; };
		A5FF6BF61EB11586003F6108 /* IGRPhotoScrollView.swift */ = {isa = PBXFileReference; fileEncoding = 4; lastKnownFileType = sourcecode.swift; path = IGRPhotoScrollView.swift; sourceTree = "<group>"; };
/* End PBXFileReference section */

/* Begin PBXFrameworksBuildPhase section */
		A5CD58D11EB2089500238BC6 /* Frameworks */ = {
			isa = PBXFrameworksBuildPhase;
			buildActionMask = 2147483647;
			files = (
				A5435F291FA3CABB001BAE32 /* IGRPhotoTweaks.framework in Frameworks */,
			);
			runOnlyForDeploymentPostprocessing = 0;
		};
		A5FE19721E4F8D5600EA6F73 /* Frameworks */ = {
			isa = PBXFrameworksBuildPhase;
			buildActionMask = 2147483647;
			files = (
			);
			runOnlyForDeploymentPostprocessing = 0;
		};
/* End PBXFrameworksBuildPhase section */

/* Begin PBXGroup section */
		A5435F281FA3CABB001BAE32 /* Frameworks */ = {
			isa = PBXGroup;
			children = (
			);
			name = Frameworks;
			sourceTree = "<group>";
		};
		A5CD58D51EB2089500238BC6 /* IGRPhotoTweaksTests */ = {
			isa = PBXGroup;
			children = (
				A5CD58D61EB2089500238BC6 /* IGRPhotoTweaksTests.swift */,
				A5CD58E11EB2099600238BC6 /* LinesTests.swift */,
				A5CD58E31EB209AA00238BC6 /* CornerTests.swift */,
				A5CD58E51EB209CE00238BC6 /* MasksTest.swift */,
				A5CD58E71EB209E100238BC6 /* CropTests.swift */,
				A5CD58E91EB209F100238BC6 /* RotationTests.swift */,
				A5CD58EB1EB20A0100238BC6 /* AspectRatioTests.swift */,
				A5CD58D81EB2089500238BC6 /* Info.plist */,
				A5CD58EF1EB20F7300238BC6 /* Assets.xcassets */,
			);
			path = IGRPhotoTweaksTests;
			sourceTree = "<group>";
		};
		A5DFB1A91E481F48009ACD31 = {
			isa = PBXGroup;
			children = (
				A5DFB1CA1E481FE4009ACD31 /* IGRPhotoTweaks */,
				A5DFB1D11E481FE4009ACD31 /* Settings */,
				A5CD58D51EB2089500238BC6 /* IGRPhotoTweaksTests */,
				A5DFB1B31E481F48009ACD31 /* Products */,
				A5435F281FA3CABB001BAE32 /* Frameworks */,
			);
			sourceTree = "<group>";
		};
		A5DFB1B31E481F48009ACD31 /* Products */ = {
			isa = PBXGroup;
			children = (
				A5FE19761E4F8D5600EA6F73 /* IGRPhotoTweaks.framework */,
				A5CD58D41EB2089500238BC6 /* IGRPhotoTweaksTests.xctest */,
			);
			name = Products;
			sourceTree = "<group>";
		};
		A5DFB1CA1E481FE4009ACD31 /* IGRPhotoTweaks */ = {
			isa = PBXGroup;
			children = (
				A5FF6BCE1EB11586003F6108 /* Category */,
				A5FF6BD41EB11586003F6108 /* Constants */,
				A5FF6BD61EB11586003F6108 /* Helper */,
				A5FF6BD81EB11586003F6108 /* IGRPhotoTweakViewController.swift */,
				A5FF6BD91EB11586003F6108 /* IGRPhotoTweakViewController+Rotation.swift */,
				A5FF6BDA1EB11586003F6108 /* IGRPhotoTweakViewController+AspectRatio.swift */,
				A5FF6BDB1EB11586003F6108 /* IGRPhotoTweakViewController+Customization.swift */,
				A5FF6BDC1EB11586003F6108 /* IGRPhotoTweakViewController+PHPhotoLibrary.swift */,
				A5FF6BDD1EB11586003F6108 /* PhotoTweakView */,
				A5FE19781E4F8D5700EA6F73 /* IGRPhotoTweaks.h */,
			);
			path = IGRPhotoTweaks;
			sourceTree = "<group>";
		};
		A5DFB1D11E481FE4009ACD31 /* Settings */ = {
			isa = PBXGroup;
			children = (
				A5DFB1D21E481FE4009ACD31 /* Info.plist */,
			);
			path = Settings;
			sourceTree = "<group>";
		};
		A5FF6BCE1EB11586003F6108 /* Category */ = {
			isa = PBXGroup;
			children = (
				A5FF6BCF1EB11586003F6108 /* CGFloat+IGRPhotoTweakExtension.swift */,
				A5FF6BD01EB11586003F6108 /* CGImage+IGRPhotoTweakExtension.swift */,
				A5FF6BD11EB11586003F6108 /* CGPoint+IGRPhotoTweakExtension.swift */,
				A5FF6BD21EB11586003F6108 /* UIColor+IGRPhotoTweakExtension.swift */,
				A5FF6BD31EB11586003F6108 /* UIImage+IGRPhotoTweakExtension.swift */,
			);
			path = Category;
			sourceTree = "<group>";
		};
		A5FF6BD41EB11586003F6108 /* Constants */ = {
			isa = PBXGroup;
			children = (
				A5FF6BD51EB11586003F6108 /* IGRPhotoTweakConstants.swift */,
			);
			path = Constants;
			sourceTree = "<group>";
		};
		A5FF6BD61EB11586003F6108 /* Helper */ = {
			isa = PBXGroup;
			children = (
				A5FF6BD71EB11586003F6108 /* IGRRadianAngle.swift */,
			);
			path = Helper;
			sourceTree = "<group>";
		};
		A5FF6BDD1EB11586003F6108 /* PhotoTweakView */ = {
			isa = PBXGroup;
			children = (
				A5FF6BDE1EB11586003F6108 /* CropView */,
				A5FF6BEB1EB11586003F6108 /* IGRPhotoTweakView+Angle.swift */,
				A52B73F921F1140E007922CE /* IGRPhotoTweakView+Rotation.swift */,
				A5FF6BEC1EB11586003F6108 /* IGRPhotoTweakView+AspectRatio.swift */,
				A5FF6BED1EB11586003F6108 /* IGRPhotoTweakView+Customization.swift */,
				A5FF6BEE1EB11586003F6108 /* IGRPhotoTweakView+IGRCropView.swift */,
				A5FF6BEF1EB11586003F6108 /* IGRPhotoTweakView+Mask.swift */,
				A5FF6BF01EB11586003F6108 /* IGRPhotoTweakView+NSLayoutConstraint.swift */,
				A5FF6BF11EB11586003F6108 /* IGRPhotoTweakView+Touch.swift */,
				A5FF6BF21EB11586003F6108 /* IGRPhotoTweakView+UIScrollView.swift */,
				A5FF6BF31EB11586003F6108 /* IGRPhotoTweakView.swift */,
				A5FF6BF41EB11586003F6108 /* ScrollViews */,
			);
			path = PhotoTweakView;
			sourceTree = "<group>";
		};
		A5FF6BDE1EB11586003F6108 /* CropView */ = {
			isa = PBXGroup;
			children = (
				A5FF6BDF1EB11586003F6108 /* IGRCropView+AspectRatio.swift */,
				A5FF6BE01EB11586003F6108 /* IGRCropView+Lines.swift */,
				A5FF6BE11EB11586003F6108 /* IGRCropView+NSLayoutConstraint.swift */,
				A5FF6BE21EB11586003F6108 /* IGRCropView+UITouch.swift */,
				A5FF6BE31EB11586003F6108 /* IGRCropView.swift */,
				A5FF6BE41EB11586003F6108 /* Lines */,
				A5FF6BE91EB11586003F6108 /* Mask */,
			);
			path = CropView;
			sourceTree = "<group>";
		};
		A5FF6BE41EB11586003F6108 /* Lines */ = {
			isa = PBXGroup;
			children = (
				A5FF6BE51EB11586003F6108 /* IGRCropCornerLine.swift */,
				A5FF6BE61EB11586003F6108 /* IGRCropCornerView.swift */,
				A5FF6BE71EB11586003F6108 /* IGRCropGridLine.swift */,
				A5FF6BE81EB11586003F6108 /* IGRCropLine.swift */,
			);
			path = Lines;
			sourceTree = "<group>";
		};
		A5FF6BE91EB11586003F6108 /* Mask */ = {
			isa = PBXGroup;
			children = (
				A5FF6BEA1EB11586003F6108 /* IGRCropMaskView.swift */,
			);
			path = Mask;
			sourceTree = "<group>";
		};
		A5FF6BF41EB11586003F6108 /* ScrollViews */ = {
			isa = PBXGroup;
			children = (
				A5FF6BF51EB11586003F6108 /* IGRPhotoContentView.swift */,
				A5FF6BF61EB11586003F6108 /* IGRPhotoScrollView.swift */,
			);
			path = ScrollViews;
			sourceTree = "<group>";
		};
/* End PBXGroup section */

/* Begin PBXHeadersBuildPhase section */
		A5FE19731E4F8D5600EA6F73 /* Headers */ = {
			isa = PBXHeadersBuildPhase;
			buildActionMask = 2147483647;
			files = (
				A5FE197A1E4F8D5700EA6F73 /* IGRPhotoTweaks.h in Headers */,
			);
			runOnlyForDeploymentPostprocessing = 0;
		};
/* End PBXHeadersBuildPhase section */

/* Begin PBXNativeTarget section */
		A5CD58D31EB2089500238BC6 /* IGRPhotoTweaksTests */ = {
			isa = PBXNativeTarget;
			buildConfigurationList = A5CD58DC1EB2089500238BC6 /* Build configuration list for PBXNativeTarget "IGRPhotoTweaksTests" */;
			buildPhases = (
				A5CD58D01EB2089500238BC6 /* Sources */,
				A5CD58D11EB2089500238BC6 /* Frameworks */,
				A5CD58D21EB2089500238BC6 /* Resources */,
			);
			buildRules = (
			);
			dependencies = (
				A5435F271FA3CAAF001BAE32 /* PBXTargetDependency */,
			);
			name = IGRPhotoTweaksTests;
			productName = IGRPhotoTweaksTests;
			productReference = A5CD58D41EB2089500238BC6 /* IGRPhotoTweaksTests.xctest */;
			productType = "com.apple.product-type.bundle.unit-test";
		};
		A5FE19751E4F8D5600EA6F73 /* IGRPhotoTweaks */ = {
			isa = PBXNativeTarget;
			buildConfigurationList = A5FE197B1E4F8D5700EA6F73 /* Build configuration list for PBXNativeTarget "IGRPhotoTweaks" */;
			buildPhases = (
				A5FE19711E4F8D5600EA6F73 /* Sources */,
				A5FE19721E4F8D5600EA6F73 /* Frameworks */,
				A5FE19731E4F8D5600EA6F73 /* Headers */,
				A5FE19741E4F8D5600EA6F73 /* Resources */,
			);
			buildRules = (
			);
			dependencies = (
			);
			name = IGRPhotoTweaks;
			productName = IGRPhotoTweaks;
			productReference = A5FE19761E4F8D5600EA6F73 /* IGRPhotoTweaks.framework */;
			productType = "com.apple.product-type.framework";
		};
/* End PBXNativeTarget section */

/* Begin PBXProject section */
		A5DFB1AA1E481F48009ACD31 /* Project object */ = {
			isa = PBXProject;
			attributes = {
				CLASSPREFIX = IGR;
				LastSwiftUpdateCheck = 0830;
				LastUpgradeCheck = 1000;
				ORGANIZATIONNAME = "IGR Software";
				TargetAttributes = {
					A5CD58D31EB2089500238BC6 = {
						CreatedOnToolsVersion = 8.3.2;
						DevelopmentTeam = DMP42GVPJ3;
						LastSwiftMigration = 1000;
						ProvisioningStyle = Automatic;
					};
					A5FE19751E4F8D5600EA6F73 = {
						CreatedOnToolsVersion = 8.2.1;
						DevelopmentTeam = DMP42GVPJ3;
						LastSwiftMigration = 1000;
						ProvisioningStyle = Automatic;
					};
				};
			};
			buildConfigurationList = A5DFB1AD1E481F48009ACD31 /* Build configuration list for PBXProject "IGRPhotoTweaks" */;
			compatibilityVersion = "Xcode 9.3";
			developmentRegion = English;
			hasScannedForEncodings = 0;
			knownRegions = (
				en,
				Base,
			);
			mainGroup = A5DFB1A91E481F48009ACD31;
			productRefGroup = A5DFB1B31E481F48009ACD31 /* Products */;
			projectDirPath = "";
			projectRoot = "";
			targets = (
				A5FE19751E4F8D5600EA6F73 /* IGRPhotoTweaks */,
				A5CD58D31EB2089500238BC6 /* IGRPhotoTweaksTests */,
			);
		};
/* End PBXProject section */

/* Begin PBXResourcesBuildPhase section */
		A5CD58D21EB2089500238BC6 /* Resources */ = {
			isa = PBXResourcesBuildPhase;
			buildActionMask = 2147483647;
			files = (
				A5CD58F01EB20F7300238BC6 /* Assets.xcassets in Resources */,
			);
			runOnlyForDeploymentPostprocessing = 0;
		};
		A5FE19741E4F8D5600EA6F73 /* Resources */ = {
			isa = PBXResourcesBuildPhase;
			buildActionMask = 2147483647;
			files = (
			);
			runOnlyForDeploymentPostprocessing = 0;
		};
/* End PBXResourcesBuildPhase section */

/* Begin PBXSourcesBuildPhase section */
		A5CD58D01EB2089500238BC6 /* Sources */ = {
			isa = PBXSourcesBuildPhase;
			buildActionMask = 2147483647;
			files = (
				A5CD58D71EB2089500238BC6 /* IGRPhotoTweaksTests.swift in Sources */,
				A5CD58E81EB209E100238BC6 /* CropTests.swift in Sources */,
				A5CD58EC1EB20A0100238BC6 /* AspectRatioTests.swift in Sources */,
				A5CD58E61EB209CE00238BC6 /* MasksTest.swift in Sources */,
				A5CD58E21EB2099600238BC6 /* LinesTests.swift in Sources */,
				A5CD58E41EB209AA00238BC6 /* CornerTests.swift in Sources */,
				A5CD58EA1EB209F100238BC6 /* RotationTests.swift in Sources */,
			);
			runOnlyForDeploymentPostprocessing = 0;
		};
		A5FE19711E4F8D5600EA6F73 /* Sources */ = {
			isa = PBXSourcesBuildPhase;
			buildActionMask = 2147483647;
			files = (
				A5FF6BF81EB11586003F6108 /* CGImage+IGRPhotoTweakExtension.swift in Sources */,
				A5FF6C071EB11586003F6108 /* IGRCropView.swift in Sources */,
				A5FF6C061EB11586003F6108 /* IGRCropView+UITouch.swift in Sources */,
				A5FF6C091EB11586003F6108 /* IGRCropCornerView.swift in Sources */,
				A5FF6C0A1EB11586003F6108 /* IGRCropGridLine.swift in Sources */,
				A5FF6C0C1EB11586003F6108 /* IGRCropMaskView.swift in Sources */,
				A52B73FA21F1140E007922CE /* IGRPhotoTweakView+Rotation.swift in Sources */,
				A5FF6C0D1EB11586003F6108 /* IGRPhotoTweakView+Angle.swift in Sources */,
				A5FF6C101EB11586003F6108 /* IGRPhotoTweakView+IGRCropView.swift in Sources */,
				A5FF6C081EB11586003F6108 /* IGRCropCornerLine.swift in Sources */,
				A5FF6BFE1EB11586003F6108 /* IGRPhotoTweakViewController.swift in Sources */,
				A5FF6BF71EB11586003F6108 /* CGFloat+IGRPhotoTweakExtension.swift in Sources */,
				A5FF6C001EB11586003F6108 /* IGRPhotoTweakViewController+AspectRatio.swift in Sources */,
				A5FF6C0F1EB11586003F6108 /* IGRPhotoTweakView+Customization.swift in Sources */,
				A5FF6C0E1EB11586003F6108 /* IGRPhotoTweakView+AspectRatio.swift in Sources */,
				A5FF6C051EB11586003F6108 /* IGRCropView+NSLayoutConstraint.swift in Sources */,
				A5FF6C021EB11586003F6108 /* IGRPhotoTweakViewController+PHPhotoLibrary.swift in Sources */,
				A5FF6C171EB11586003F6108 /* IGRPhotoScrollView.swift in Sources */,
				A5FF6BFA1EB11586003F6108 /* UIColor+IGRPhotoTweakExtension.swift in Sources */,
				A5FF6BF91EB11586003F6108 /* CGPoint+IGRPhotoTweakExtension.swift in Sources */,
				A5FF6C0B1EB11586003F6108 /* IGRCropLine.swift in Sources */,
				A5FF6C111EB11586003F6108 /* IGRPhotoTweakView+Mask.swift in Sources */,
				A5FF6C031EB11586003F6108 /* IGRCropView+AspectRatio.swift in Sources */,
				A5FF6BFC1EB11586003F6108 /* IGRPhotoTweakConstants.swift in Sources */,
				A5FF6C161EB11586003F6108 /* IGRPhotoContentView.swift in Sources */,
				A5FF6BFF1EB11586003F6108 /* IGRPhotoTweakViewController+Rotation.swift in Sources */,
				A5FF6C131EB11586003F6108 /* IGRPhotoTweakView+Touch.swift in Sources */,
				A5FF6C011EB11586003F6108 /* IGRPhotoTweakViewController+Customization.swift in Sources */,
				A5FF6C041EB11586003F6108 /* IGRCropView+Lines.swift in Sources */,
				A5FF6BFD1EB11586003F6108 /* IGRRadianAngle.swift in Sources */,
				A5FF6C151EB11586003F6108 /* IGRPhotoTweakView.swift in Sources */,
				A5FF6C141EB11586003F6108 /* IGRPhotoTweakView+UIScrollView.swift in Sources */,
				A5FF6BFB1EB11586003F6108 /* UIImage+IGRPhotoTweakExtension.swift in Sources */,
				A5FF6C121EB11586003F6108 /* IGRPhotoTweakView+NSLayoutConstraint.swift in Sources */,
			);
			runOnlyForDeploymentPostprocessing = 0;
		};
/* End PBXSourcesBuildPhase section */

/* Begin PBXTargetDependency section */
		A5435F271FA3CAAF001BAE32 /* PBXTargetDependency */ = {
			isa = PBXTargetDependency;
			target = A5FE19751E4F8D5600EA6F73 /* IGRPhotoTweaks */;
			targetProxy = A5435F261FA3CAAF001BAE32 /* PBXContainerItemProxy */;
		};
/* End PBXTargetDependency section */

/* Begin XCBuildConfiguration section */
		A5CD58DD1EB2089500238BC6 /* Debug */ = {
			isa = XCBuildConfiguration;
			buildSettings = {
				CLANG_ANALYZER_NUMBER_OBJECT_CONVERSION = YES_AGGRESSIVE;
				CLANG_CXX_LANGUAGE_STANDARD = "gnu++0x";
				CLANG_CXX_LIBRARY = "libc++";
				"CODE_SIGN_IDENTITY[sdk=iphoneos*]" = "iPhone Developer";
				DEVELOPMENT_TEAM = DMP42GVPJ3;
				GCC_C_LANGUAGE_STANDARD = gnu99;
				INFOPLIST_FILE = IGRPhotoTweaksTests/Info.plist;
				IPHONEOS_DEPLOYMENT_TARGET = 10.3;
				LD_RUNPATH_SEARCH_PATHS = (
					"$(inherited)",
					"@executable_path/Frameworks",
					"@loader_path/Frameworks",
				);
				PRODUCT_BUNDLE_IDENTIFIER = com.igrsoft.IGRPhotoTweaksTests;
				PRODUCT_NAME = "$(TARGET_NAME)";
				SWIFT_VERSION = 4.2;
			};
			name = Debug;
		};
		A5CD58DE1EB2089500238BC6 /* Release */ = {
			isa = XCBuildConfiguration;
			buildSettings = {
				CLANG_ANALYZER_NUMBER_OBJECT_CONVERSION = YES_AGGRESSIVE;
				CLANG_CXX_LANGUAGE_STANDARD = "gnu++0x";
				CLANG_CXX_LIBRARY = "libc++";
				"CODE_SIGN_IDENTITY[sdk=iphoneos*]" = "iPhone Developer";
				DEVELOPMENT_TEAM = DMP42GVPJ3;
				GCC_C_LANGUAGE_STANDARD = gnu99;
				INFOPLIST_FILE = IGRPhotoTweaksTests/Info.plist;
				IPHONEOS_DEPLOYMENT_TARGET = 10.3;
				LD_RUNPATH_SEARCH_PATHS = (
					"$(inherited)",
					"@executable_path/Frameworks",
					"@loader_path/Frameworks",
				);
				PRODUCT_BUNDLE_IDENTIFIER = com.igrsoft.IGRPhotoTweaksTests;
				PRODUCT_NAME = "$(TARGET_NAME)";
				SWIFT_VERSION = 4.2;
			};
			name = Release;
		};
		A5DFB1C21E481F48009ACD31 /* Debug */ = {
			isa = XCBuildConfiguration;
			buildSettings = {
				ALWAYS_SEARCH_USER_PATHS = NO;
				CLANG_ANALYZER_NONNULL = YES;
				CLANG_ENABLE_MODULES = YES;
				CLANG_ENABLE_OBJC_ARC = YES;
				CLANG_WARN_BLOCK_CAPTURE_AUTORELEASING = YES;
				CLANG_WARN_BOOL_CONVERSION = YES;
				CLANG_WARN_COMMA = YES;
				CLANG_WARN_CONSTANT_CONVERSION = YES;
				CLANG_WARN_DEPRECATED_OBJC_IMPLEMENTATIONS = YES;
				CLANG_WARN_DIRECT_OBJC_ISA_USAGE = YES_ERROR;
				CLANG_WARN_DOCUMENTATION_COMMENTS = YES;
				CLANG_WARN_EMPTY_BODY = YES;
				CLANG_WARN_ENUM_CONVERSION = YES;
				CLANG_WARN_INFINITE_RECURSION = YES;
				CLANG_WARN_INT_CONVERSION = YES;
				CLANG_WARN_NON_LITERAL_NULL_CONVERSION = YES;
				CLANG_WARN_OBJC_IMPLICIT_RETAIN_SELF = YES;
				CLANG_WARN_OBJC_LITERAL_CONVERSION = YES;
				CLANG_WARN_OBJC_ROOT_CLASS = YES_ERROR;
				CLANG_WARN_RANGE_LOOP_ANALYSIS = YES;
				CLANG_WARN_STRICT_PROTOTYPES = YES;
				CLANG_WARN_SUSPICIOUS_MOVE = YES;
				CLANG_WARN_UNREACHABLE_CODE = YES;
				CLANG_WARN__DUPLICATE_METHOD_MATCH = YES;
				COPY_PHASE_STRIP = NO;
				DEBUG_INFORMATION_FORMAT = dwarf;
				ENABLE_STRICT_OBJC_MSGSEND = YES;
				ENABLE_TESTABILITY = YES;
				GCC_DYNAMIC_NO_PIC = NO;
				GCC_NO_COMMON_BLOCKS = YES;
				GCC_OPTIMIZATION_LEVEL = 0;
				GCC_PREPROCESSOR_DEFINITIONS = (
					"DEBUG=1",
					"$(inherited)",
				);
				GCC_WARN_64_TO_32_BIT_CONVERSION = YES;
				GCC_WARN_ABOUT_RETURN_TYPE = YES_ERROR;
				GCC_WARN_UNDECLARED_SELECTOR = YES;
				GCC_WARN_UNINITIALIZED_AUTOS = YES_AGGRESSIVE;
				GCC_WARN_UNUSED_FUNCTION = YES;
				GCC_WARN_UNUSED_VARIABLE = YES;
				IPHONEOS_DEPLOYMENT_TARGET = 10.3;
				ONLY_ACTIVE_ARCH = YES;
				SDKROOT = iphoneos;
				SWIFT_ACTIVE_COMPILATION_CONDITIONS = DEBUG;
				SWIFT_OPTIMIZATION_LEVEL = "-Onone";
				SWIFT_VERSION = 4.2;
				TARGETED_DEVICE_FAMILY = "1,2";
			};
			name = Debug;
		};
		A5DFB1C31E481F48009ACD31 /* Release */ = {
			isa = XCBuildConfiguration;
			buildSettings = {
				ALWAYS_SEARCH_USER_PATHS = NO;
				CLANG_ANALYZER_NONNULL = YES;
				CLANG_ENABLE_MODULES = YES;
				CLANG_ENABLE_OBJC_ARC = YES;
				CLANG_WARN_BLOCK_CAPTURE_AUTORELEASING = YES;
				CLANG_WARN_BOOL_CONVERSION = YES;
				CLANG_WARN_COMMA = YES;
				CLANG_WARN_CONSTANT_CONVERSION = YES;
				CLANG_WARN_DEPRECATED_OBJC_IMPLEMENTATIONS = YES;
				CLANG_WARN_DIRECT_OBJC_ISA_USAGE = YES_ERROR;
				CLANG_WARN_DOCUMENTATION_COMMENTS = YES;
				CLANG_WARN_EMPTY_BODY = YES;
				CLANG_WARN_ENUM_CONVERSION = YES;
				CLANG_WARN_INFINITE_RECURSION = YES;
				CLANG_WARN_INT_CONVERSION = YES;
				CLANG_WARN_NON_LITERAL_NULL_CONVERSION = YES;
				CLANG_WARN_OBJC_IMPLICIT_RETAIN_SELF = YES;
				CLANG_WARN_OBJC_LITERAL_CONVERSION = YES;
				CLANG_WARN_OBJC_ROOT_CLASS = YES_ERROR;
				CLANG_WARN_RANGE_LOOP_ANALYSIS = YES;
				CLANG_WARN_STRICT_PROTOTYPES = YES;
				CLANG_WARN_SUSPICIOUS_MOVE = YES;
				CLANG_WARN_UNREACHABLE_CODE = YES;
				CLANG_WARN__DUPLICATE_METHOD_MATCH = YES;
				COPY_PHASE_STRIP = NO;
				DEBUG_INFORMATION_FORMAT = "dwarf-with-dsym";
				ENABLE_NS_ASSERTIONS = NO;
				ENABLE_STRICT_OBJC_MSGSEND = YES;
				GCC_NO_COMMON_BLOCKS = YES;
				GCC_WARN_64_TO_32_BIT_CONVERSION = YES;
				GCC_WARN_ABOUT_RETURN_TYPE = YES_ERROR;
				GCC_WARN_UNDECLARED_SELECTOR = YES;
				GCC_WARN_UNINITIALIZED_AUTOS = YES_AGGRESSIVE;
				GCC_WARN_UNUSED_FUNCTION = YES;
				GCC_WARN_UNUSED_VARIABLE = YES;
				IPHONEOS_DEPLOYMENT_TARGET = 10.3;
				SDKROOT = iphoneos;
				SWIFT_COMPILATION_MODE = wholemodule;
				SWIFT_OPTIMIZATION_LEVEL = "-O";
				SWIFT_VERSION = 4.2;
				TARGETED_DEVICE_FAMILY = "1,2";
				VALIDATE_PRODUCT = YES;
			};
			name = Release;
		};
		A5FE197C1E4F8D5700EA6F73 /* Debug */ = {
			isa = XCBuildConfiguration;
			buildSettings = {
				CURRENT_PROJECT_VERSION = 108;
				DEFINES_MODULE = YES;
				DEVELOPMENT_TEAM = DMP42GVPJ3;
				DYLIB_COMPATIBILITY_VERSION = 100;
				DYLIB_CURRENT_VERSION = 108;
				DYLIB_INSTALL_NAME_BASE = "@rpath";
				INFOPLIST_FILE = "$(SRCROOT)/Settings/Info.plist";
				INSTALL_PATH = "$(LOCAL_LIBRARY_DIR)/Frameworks";
				PRODUCT_BUNDLE_IDENTIFIER = com.igrsoft.IGRPhotoTweaks;
				PRODUCT_NAME = "$(TARGET_NAME)";
				SKIP_INSTALL = YES;
				SWIFT_OPTIMIZATION_LEVEL = "-Onone";
				VERSIONING_SYSTEM = "apple-generic";
			};
			name = Debug;
		};
		A5FE197D1E4F8D5700EA6F73 /* Release */ = {
			isa = XCBuildConfiguration;
			buildSettings = {
				CURRENT_PROJECT_VERSION = 108;
				DEFINES_MODULE = YES;
				DEVELOPMENT_TEAM = DMP42GVPJ3;
				DYLIB_COMPATIBILITY_VERSION = 100;
				DYLIB_CURRENT_VERSION = 108;
				DYLIB_INSTALL_NAME_BASE = "@rpath";
				INFOPLIST_FILE = "$(SRCROOT)/Settings/Info.plist";
				INSTALL_PATH = "$(LOCAL_LIBRARY_DIR)/Frameworks";
				PRODUCT_BUNDLE_IDENTIFIER = com.igrsoft.IGRPhotoTweaks;
				PRODUCT_NAME = "$(TARGET_NAME)";
				SKIP_INSTALL = YES;
				VERSIONING_SYSTEM = "apple-generic";
			};
			name = Release;
		};
/* End XCBuildConfiguration section */

/* Begin XCConfigurationList section */
		A5CD58DC1EB2089500238BC6 /* Build configuration list for PBXNativeTarget "IGRPhotoTweaksTests" */ = {
			isa = XCConfigurationList;
			buildConfigurations = (
				A5CD58DD1EB2089500238BC6 /* Debug */,
				A5CD58DE1EB2089500238BC6 /* Release */,
			);
			defaultConfigurationIsVisible = 0;
			defaultConfigurationName = Release;
		};
		A5DFB1AD1E481F48009ACD31 /* Build configuration list for PBXProject "IGRPhotoTweaks" */ = {
			isa = XCConfigurationList;
			buildConfigurations = (
				A5DFB1C21E481F48009ACD31 /* Debug */,
				A5DFB1C31E481F48009ACD31 /* Release */,
			);
			defaultConfigurationIsVisible = 0;
			defaultConfigurationName = Release;
		};
		A5FE197B1E4F8D5700EA6F73 /* Build configuration list for PBXNativeTarget "IGRPhotoTweaks" */ = {
			isa = XCConfigurationList;
			buildConfigurations = (
				A5FE197C1E4F8D5700EA6F73 /* Debug */,
				A5FE197D1E4F8D5700EA6F73 /* Release */,
			);
			defaultConfigurationIsVisible = 0;
			defaultConfigurationName = Release;
		};
/* End XCConfigurationList section */
	};
	rootObject = A5DFB1AA1E481F48009ACD31 /* Project object */;
}
